
Microsoft Visual Studio Solution File, Format Version 12.00
# Visual Studio Version 16
VisualStudioVersion = 16.0.30611.23
MinimumVisualStudioVersion = 10.0.40219.1
Project("{FAE04EC0-301F-11D3-BF4B-00C04F79EFBC}") = "ControlDocs", "ControlDocs\ControlDocs.csproj", "{1A0B1E38-E698-49FF-83B7-0354BD46E35F}"
EndProject
Global
	GlobalSection(SolutionConfigurationPlatforms) = preSolution
		Debug|Any CPU = Debug|Any CPU
		Release|Any CPU = Release|Any CPU
	EndGlobalSection
	GlobalSection(ProjectConfigurationPlatforms) = postSolution
		{1A0B1E38-E698-49FF-83B7-0354BD46E35F}.Debug|Any CPU.ActiveCfg = Debug|Any CPU
		{1A0B1E38-E698-49FF-83B7-0354BD46E35F}.Debug|Any CPU.Build.0 = Debug|Any CPU
		{1A0B1E38-E698-49FF-83B7-0354BD46E35F}.Release|Any CPU.ActiveCfg = Release|Any CPU
		{1A0B1E38-E698-49FF-83B7-0354BD46E35F}.Release|Any CPU.Build.0 = Release|Any CPU
	EndGlobalSection
	GlobalSection(SolutionProperties) = preSolution
		HideSolutionNode = FALSE
	EndGlobalSection
	GlobalSection(ExtensibilityGlobals) = postSolution
		SolutionGuid = {ED350F9F-310C-40AC-97D7-FAC6BE37D156}
	EndGlobalSection
EndGlobal
